# This file is generated by running "yarn install" inside your project.
# Manual changes might be lost - proceed with caution!

__metadata:
  version: 7
  cacheKey: 9

"@eslint/eslintrc@npm:^1.2.1":
  version: 1.2.1
  resolution: "@eslint/eslintrc@npm:1.2.1"
  dependencies:
    ajv: "npm:^6.12.4"
    debug: "npm:^4.3.2"
    espree: "npm:^9.3.1"
    globals: "npm:^13.9.0"
    ignore: "npm:^5.2.0"
    import-fresh: "npm:^3.2.1"
    js-yaml: "npm:^4.1.0"
    minimatch: "npm:^3.0.4"
    strip-json-comments: "npm:^3.1.1"
  checksum: 5663b4834837e08e80892ec026367c91b0601bdb2593f67ac3d2e9ee2ade3aec1593e34d9a3e82ea35dd27dec91739fb62ad7c87946498961d940ce7560aa8e0
  languageName: node
  linkType: hard

"@humanwhocodes/config-array@npm:^0.9.2":
  version: 0.9.5
  resolution: "@humanwhocodes/config-array@npm:0.9.5"
  dependencies:
    "@humanwhocodes/object-schema": "npm:^1.2.1"
    debug: "npm:^4.1.1"
    minimatch: "npm:^3.0.4"
  checksum: 7d55ac1e5d33dc470f5be444ff12d59e0d132320e46cf909cac13d289877d1f56a1ec3efba8cf4ab1a413e65a281d4f817e34c132575aed50c49240c9d830c38
  languageName: node
  linkType: hard

"@humanwhocodes/object-schema@npm:^1.2.1":
  version: 1.2.1
  resolution: "@humanwhocodes/object-schema@npm:1.2.1"
  checksum: c860f96faaaaecd6c5c4ee6912f7c761579031b464c3cf55832e59e18b116968d89b570ef6a9a10b1670a67e7998a530c8c549b4a41b118153340772ad10cea9
  languageName: node
  linkType: hard

"acorn-jsx@npm:^5.3.1":
  version: 5.3.1
  resolution: "acorn-jsx@npm:5.3.1"
  peerDependencies:
    acorn: ^6.0.0 || ^7.0.0 || ^8.0.0
  checksum: 0c48d6ae247f0be3b5af4e1820dcbd22a645c8eeac01fb02a119744d3e3f9fde5343d686e493a1f2171dbf4ee58933cb16a4a85c2d3c07d3813607b2ef742df1
  languageName: node
  linkType: hard

"acorn@npm:^8.7.0":
  version: 8.7.0
  resolution: "acorn@npm:8.7.0"
  bin:
    acorn: bin/acorn
  checksum: 26f306a42307f88da845d11e53b2c61164e9e59ea2bac52e25074f2edb4b49cbc7d0d10960095b4a571a5de8d8053f168b15aff9c0f7ba0e1f0bfcc4693ec380
  languageName: node
  linkType: hard

"ajv@npm:^6.10.0, ajv@npm:^6.12.4":
  version: 6.12.6
  resolution: "ajv@npm:6.12.6"
  dependencies:
    fast-deep-equal: "npm:^3.1.1"
    fast-json-stable-stringify: "npm:^2.0.0"
    json-schema-traverse: "npm:^0.4.1"
    uri-js: "npm:^4.2.2"
  checksum: c8b4c5eb679d58b3b145c914cb328b49622ead05aecd2c8da490809d542d0796d558602a7988745214eff2a7642dcca784f909414cb746d7235a97a3f89fecee
  languageName: node
  linkType: hard

"ansi-regex@npm:^5.0.1":
  version: 5.0.1
  resolution: "ansi-regex@npm:5.0.1"
  checksum: 627f94ee7fcc5e03186646ebd11ca2ccd954f3cb48fc6a3f42883db6bbf3df5dfba06d62647b2f72c975349fc072c5c44808b7da26d08a9313a7f304acda2efb
  languageName: node
  linkType: hard

"ansi-styles@npm:^4.1.0":
  version: 4.3.0
  resolution: "ansi-styles@npm:4.3.0"
  dependencies:
    color-convert: "npm:^2.0.1"
  checksum: d15dab617b78cbc96f10016e929e921ad73695753de4e45a911ecee6e29aa45c71d58f1ffaf8e49889dbe726dbdb2bbe5b4e3a7bf1c517f8740ae83a29b7df25
  languageName: node
  linkType: hard

"argparse@npm:^2.0.1":
  version: 2.0.1
  resolution: "argparse@npm:2.0.1"
  checksum: e041432563aadcf1267e543c472a756aaf57bb020ee5280093fe3c59fdde30d8b434c8d3c83614610550572acd18198395e2c20a38b3041a400dfe551320e0fb
  languageName: node
  linkType: hard

"balanced-match@npm:^1.0.0":
  version: 1.0.0
  resolution: "balanced-match@npm:1.0.0"
  checksum: ce6b90a9a21e1ecad52d6e42f299d7f70ca4ae338146cbdd6a8b99cfe7d2a5ba67b70048bf939e79e62ff915bb3445b734ea3e07648c6f523b6b5a7f1e09ae10
  languageName: node
  linkType: hard

"brace-expansion@npm:^1.1.7":
  version: 1.1.11
  resolution: "brace-expansion@npm:1.1.11"
  dependencies:
    balanced-match: "npm:^1.0.0"
    concat-map: "npm:0.0.1"
  checksum: 5ecc6da29cd3b4d49a832fd8e48f3a8b6ac058f82fe778eb6751ed30a206c5ec5171f6f632aa1946ffb4f8151136740803f620b15edca8437a9348cbb21a8ba8
  languageName: node
  linkType: hard

"callsites@npm:^3.0.0":
  version: 3.1.0
  resolution: "callsites@npm:3.1.0"
  checksum: a0672a95746fb1be281d90ceedafb6584dd7c33e85bb9987d6caad53ac6eb313874fc2045230e8e08ef076e4aaa899342d99bd9c47bb1dd4f6a2740b62482ca2
  languageName: node
  linkType: hard

"chalk@npm:^4.0.0":
  version: 4.1.0
  resolution: "chalk@npm:4.1.0"
  dependencies:
    ansi-styles: "npm:^4.1.0"
    supports-color: "npm:^7.1.0"
  checksum: 6b990ba0637adc9f40fde6e8e22b5e5cf6cf03639bcca363a66e707114a7f1113a3d976e174df39417300b164b4bf8c8604b1025bb23c3c8780ef9577e3c5879
  languageName: node
  linkType: hard

"color-convert@npm:^2.0.1":
  version: 2.0.1
  resolution: "color-convert@npm:2.0.1"
  dependencies:
    color-name: "npm:~1.1.4"
  checksum: bf4d19d12621eae71a531e5b977f46717b15e0d3253f25790f5779b7577124e4d9c4597df05cee79e8f8e8fc14add04e738a659ee4336ee0cc5587ebc3c602e7
  languageName: node
  linkType: hard

"color-name@npm:~1.1.4":
  version: 1.1.4
  resolution: "color-name@npm:1.1.4"
  checksum: 80acf64638343898f5b36825f4c9715ced380e738400b308f3f90ca2327f2f98f0c2cfb1f1a6447f267a2e1d1ea2214f26e948d8acab547e5478e2b0816c7c30
  languageName: node
  linkType: hard

"concat-map@npm:0.0.1":
  version: 0.0.1
  resolution: "concat-map@npm:0.0.1"
  checksum: 88222f18b3a68b71fe4473a146c8ed3315ec0488703104319c53543ad4668af3e79418ab79e2fa8032ee04c3eb45cc478815b89877a048cc5ba34e201bc15c35
  languageName: node
  linkType: hard

"cross-spawn@npm:^7.0.2":
  version: 7.0.3
  resolution: "cross-spawn@npm:7.0.3"
  dependencies:
    path-key: "npm:^3.1.0"
    shebang-command: "npm:^2.0.0"
    which: "npm:^2.0.1"
  checksum: 37ec685f91f04d4719892f305fa6f632aae256df7f2f3f98d5c36f2197651ad7b77851aaa2d397d19a9555f0fb89fa18f9bb3ff4b440535cc0fb4fe0a72004b9
  languageName: node
  linkType: hard

"debug@npm:^4.1.1":
  version: 4.3.1
  resolution: "debug@npm:4.3.1"
  dependencies:
    ms: "npm:2.1.2"
  peerDependenciesMeta:
    supports-color:
      optional: true
  checksum: 076d8773a42eefdea759c706bc22ca3b114d371204c86d21c5e5598cfaacf56b139a373d0ed22aadbc186674421aa1f6873f224360c85c662e0975c6bec5bd39
  languageName: node
  linkType: hard

"debug@npm:^4.3.2":
  version: 4.3.4
  resolution: "debug@npm:4.3.4"
  dependencies:
    ms: "npm:2.1.2"
  peerDependenciesMeta:
    supports-color:
      optional: true
  checksum: ab50d98b6f2a0e803379e8f789017f4215efd0e085774623e462c691e9f99bfd359a35f7424ff401da3ea58b31f89ceebc9ea35779b4a94f78b0ee3e235b6640
  languageName: node
  linkType: hard

"deep-is@npm:^0.1.3":
  version: 0.1.3
  resolution: "deep-is@npm:0.1.3"
  checksum: a2a1158fa4582c04e3f9d69872a715646d12e6d5dc6d98c845898c162dc4a7d7a60bde7fb06108316fb84b669b23d8c3d2c0b564bb0a1dc92ea8660ca2226c02
  languageName: node
  linkType: hard

"doctrine@npm:^3.0.0":
  version: 3.0.0
  resolution: "doctrine@npm:3.0.0"
  dependencies:
    esutils: "npm:^2.0.2"
  checksum: 6b38a63fa66847d80e130bb85c83c173b1050037fffac3d5f740c8c691243d5b6fadc5ec502ae8297c474680d879eb24ad8ec7f901673704fe40c8dedc1bee62
  languageName: node
  linkType: hard

"escape-string-regexp@npm:^4.0.0":
  version: 4.0.0
  resolution: "escape-string-regexp@npm:4.0.0"
  checksum: 09f81f2e5eb8d6108ea2fe366eb3041b8bc35381c95c7b7e38f0eb64825a3967618bb0840b7a9e950457d9b4c0a6e758b69374fb7906d939a67018d6c53e8cbe
  languageName: node
  linkType: hard

"eslint-scope@npm:^7.1.1":
  version: 7.1.1
  resolution: "eslint-scope@npm:7.1.1"
  dependencies:
    esrecurse: "npm:^4.3.0"
    estraverse: "npm:^5.2.0"
  checksum: 07f794a9bf080e76cc89109d56ee6d3666666b09837f8352978f9b84cf0a1b2a559886bb563e2ae5c49f100d7c7633bc3ae991012123ee8611adac2d574bd034
  languageName: node
  linkType: hard

"eslint-utils@npm:^3.0.0":
  version: 3.0.0
  resolution: "eslint-utils@npm:3.0.0"
  dependencies:
    eslint-visitor-keys: "npm:^2.0.0"
  peerDependencies:
    eslint: ">=5"
  checksum: c7941cb26c5a1dea52fd7588e2e7ca2c12f28a6769119b3697074170f8e9d32a820dbaf822d30361dc54949eb95e8da3509f76fae77dbf8d53499932a828cb65
  languageName: node
  linkType: hard

"eslint-visitor-keys@npm:^2.0.0":
  version: 2.0.0
  resolution: "eslint-visitor-keys@npm:2.0.0"
  checksum: 2ada747644e3236d0139c44f0c0208add3f2c86aeee6c85fc354776892c22b9ad099602da28029f79100a5b17220fa2568ed62468a062dbe6bd8a82007e7ed60
  languageName: node
  linkType: hard

"eslint-visitor-keys@npm:^3.3.0":
  version: 3.3.0
  resolution: "eslint-visitor-keys@npm:3.3.0"
  checksum: 37b1372b3481e978856692724f065da7e3ded80c1a57fd347ad9c63692b6310756d0eb432badb5afaa125f0d4fcbc7692ba93ae85b17bd8e628bd8c8bcd03c1d
  languageName: node
  linkType: hard

"eslint@npm:^8.13.0":
  version: 8.13.0
  resolution: "eslint@npm:8.13.0"
  dependencies:
    "@eslint/eslintrc": "npm:^1.2.1"
    "@humanwhocodes/config-array": "npm:^0.9.2"
    ajv: "npm:^6.10.0"
    chalk: "npm:^4.0.0"
    cross-spawn: "npm:^7.0.2"
    debug: "npm:^4.3.2"
    doctrine: "npm:^3.0.0"
    escape-string-regexp: "npm:^4.0.0"
    eslint-scope: "npm:^7.1.1"
    eslint-utils: "npm:^3.0.0"
    eslint-visitor-keys: "npm:^3.3.0"
    espree: "npm:^9.3.1"
    esquery: "npm:^1.4.0"
    esutils: "npm:^2.0.2"
    fast-deep-equal: "npm:^3.1.3"
    file-entry-cache: "npm:^6.0.1"
    functional-red-black-tree: "npm:^1.0.1"
    glob-parent: "npm:^6.0.1"
    globals: "npm:^13.6.0"
    ignore: "npm:^5.2.0"
    import-fresh: "npm:^3.0.0"
    imurmurhash: "npm:^0.1.4"
    is-glob: "npm:^4.0.0"
    js-yaml: "npm:^4.1.0"
    json-stable-stringify-without-jsonify: "npm:^1.0.1"
    levn: "npm:^0.4.1"
    lodash.merge: "npm:^4.6.2"
    minimatch: "npm:^3.0.4"
    natural-compare: "npm:^1.4.0"
    optionator: "npm:^0.9.1"
    regexpp: "npm:^3.2.0"
    strip-ansi: "npm:^6.0.1"
    strip-json-comments: "npm:^3.1.0"
    text-table: "npm:^0.2.0"
    v8-compile-cache: "npm:^2.0.3"
  bin:
    eslint: bin/eslint.js
  checksum: 2434340dc11da774d2bb5339ada395d20d5fc7e3ed87ae418cb7234ce619771dfa496c8bbe1579deb5220ce0b90bc80acaea3eea0b558099c5d588248b21649b
  languageName: node
  linkType: hard

"espree@npm:^9.3.1":
  version: 9.3.1
  resolution: "espree@npm:9.3.1"
  dependencies:
    acorn: "npm:^8.7.0"
    acorn-jsx: "npm:^5.3.1"
    eslint-visitor-keys: "npm:^3.3.0"
  checksum: 6da1b440cdb722aaf9367373e8ace94571a3efc4e6bfaeb386184cd7ea4b1f90188fe58a92860a49d9afe48023fb82d53b6f5feccbf33c94fe642f48e5714c47
  languageName: node
  linkType: hard

"esquery@npm:^1.4.0":
  version: 1.4.0
  resolution: "esquery@npm:1.4.0"
  dependencies:
    estraverse: "npm:^5.1.0"
  checksum: 7f287f5390f12feed1b2b4dd42f3a4501774effcbcbb76c340e5b9a3c25a133739dc18657c6103cb520dd4a8814d33ff732587c7de42f0ff51a0deaf4c190428
  languageName: node
  linkType: hard

"esrecurse@npm:^4.3.0":
  version: 4.3.0
  resolution: "esrecurse@npm:4.3.0"
  dependencies:
    estraverse: "npm:^5.2.0"
  checksum: c28c10e80803687b81ccbe90b9b66d9b21144a27f672208970ebfd306d7f2f2ee2827754b2effb771c35de48455de944c434f2fcf3c5d7da27956a5f69464a5a
  languageName: node
  linkType: hard

"estraverse@npm:^5.1.0, estraverse@npm:^5.2.0":
  version: 5.2.0
  resolution: "estraverse@npm:5.2.0"
  checksum: a507aeaf265ea201dbe9ba14bb79cb76a657afbe1aa4af87cc4990fb5e63cd73a7d88263d19b3519fde108a255f1def5d8233cadf2e3c6193b36f1aa61294c17
  languageName: node
  linkType: hard

"esutils@npm:^2.0.2":
  version: 2.0.3
  resolution: "esutils@npm:2.0.3"
  checksum: 179e017b58d3c0c3ecbe5f6d27abf26cdde45cea702c037bc80a74e32b28ab20d7a03820c002c3f7202706fb6baff40bba1a1e0843ec4e8eba6062ab9f976c70
  languageName: node
  linkType: hard

"fast-deep-equal@npm:^3.1.1, fast-deep-equal@npm:^3.1.3":
  version: 3.1.3
  resolution: "fast-deep-equal@npm:3.1.3"
  checksum: 5f83fabf1f0bac0df5117e881ee15756dc8a9ee48c8020ed63cb84a7935d78c338dc0982b3b7b6ad0792905f5ef0c35293db9cae2f3208a6f09071c43887a02f
  languageName: node
  linkType: hard

"fast-json-stable-stringify@npm:^2.0.0":
  version: 2.1.0
  resolution: "fast-json-stable-stringify@npm:2.1.0"
  checksum: cc64810b004155f5ac29b208ebd5c862599a1a8aef3c4d27a34dfb694db7797e121dceda183507ec4a2a5413d9cb59521fd2540d0d00a5589ee6ea6bfac3c12e
  languageName: node
  linkType: hard

"fast-levenshtein@npm:^2.0.6":
  version: 2.0.6
  resolution: "fast-levenshtein@npm:2.0.6"
  checksum: 7814143d0352153a7a51ebd9b21341bf1732b9599ec592a398ab5e4584b516aeb5008834ba2a46502253c221b33dad7dddc93ce3f5054acd09218cce1710c81b
  languageName: node
  linkType: hard

"file-entry-cache@npm:^6.0.1":
  version: 6.0.1
  resolution: "file-entry-cache@npm:6.0.1"
  dependencies:
    flat-cache: "npm:^3.0.4"
  checksum: cac7f7775980e696eceb922313887c03204eaea3659e0cd5b9f83ef29c7e5c613a6aa7662a3e9d0f78cf68060b093b82572e554f5464c0b2f626db32ef969cdc
  languageName: node
  linkType: hard

"flat-cache@npm:^3.0.4":
  version: 3.0.4
  resolution: "flat-cache@npm:3.0.4"
  dependencies:
    flatted: "npm:^3.1.0"
    rimraf: "npm:^3.0.2"
  checksum: 0a97f11128bd044884981fc0cb381abe69dc3779dc6fdcbffc53d0739fecc580d0f082b6adaeff5e766822dd0d701cb274fbd8afdedddb6b5bc1829cf148b995
  languageName: node
  linkType: hard

"flatted@npm:^3.1.0":
  version: 3.1.0
  resolution: "flatted@npm:3.1.0"
  checksum: 4697efa8f3f3cbd7e74f617601cfd2d8fa8186d2dac1404d11bde88b7131ccffddb2ddcc55ecc17d60e8c5008c2347be6a79a439b6d9ed5bc61a70f0794b0323
  languageName: node
  linkType: hard

"fs.realpath@npm:^1.0.0":
  version: 1.0.0
  resolution: "fs.realpath@npm:1.0.0"
  checksum: 477fb3547134ce67d71531a19b2597028d2efaeced56a2fcb125ba9994a4204685d256795e4a5b68e5d866d11d8d0dd9050937cb44037beb4caeb3acb75602e2
  languageName: node
  linkType: hard

"functional-red-black-tree@npm:^1.0.1":
  version: 1.0.1
  resolution: "functional-red-black-tree@npm:1.0.1"
  checksum: 275f10e8abe29375137a6dc662b54bf6452704560a4888dde5720b1901b5489703f45169a92e02c758dd0ebc4c6206e2cb57c326a9b9dd6e3992aeaf4038dddc
  languageName: node
  linkType: hard

"glob-parent@npm:^6.0.1":
  version: 6.0.2
  resolution: "glob-parent@npm:6.0.2"
  dependencies:
    is-glob: "npm:^4.0.3"
  checksum: 2a27dfeda346942417ffc7ae85483048b277f275d595a760e51cd276475214b79896a2dad0e461bb4ae515f223439197634d183ff34a3be98c4c2b1cc6de8248
  languageName: node
  linkType: hard

"glob@npm:^7.1.3":
  version: 7.1.6
  resolution: "glob@npm:7.1.6"
  dependencies:
    fs.realpath: "npm:^1.0.0"
    inflight: "npm:^1.0.4"
    inherits: "npm:2"
    minimatch: "npm:^3.0.4"
    once: "npm:^1.3.0"
    path-is-absolute: "npm:^1.0.0"
  checksum: d50636c269f66c01b688468f60eea9fd8fe98f8c1dc9837fd7767229b47274eeb3c18a1b5c314ce53550d05326d33d9ec531194d8b908fb312cf658664c8cc29
  languageName: node
  linkType: hard

"globals@npm:^13.6.0, globals@npm:^13.9.0":
  version: 13.13.0
  resolution: "globals@npm:13.13.0"
  dependencies:
    type-fest: "npm:^0.20.2"
  checksum: b31bc17a89d59c297161391479ed8d46bd3699549efb56f504a7e37fe6603a11fdf7a390c9d7284e05d00d3a5b003bc55477839b5792121e870780416b0921dd
  languageName: node
  linkType: hard

"has-flag@npm:^4.0.0":
  version: 4.0.0
  resolution: "has-flag@npm:4.0.0"
  checksum: 71f182c441adda71ea3014dec578691a9d74356dd57c238fb2fc88247a94ca10892fe307cda0eb608b91f982d7da34aa2e46f763c4449351dedac26a0493e591
  languageName: node
  linkType: hard

"ignore@npm:^5.2.0":
  version: 5.2.0
  resolution: "ignore@npm:5.2.0"
  checksum: 0086b6992b2e2c9ec23f009e5939022323f1b4ad291607507045cc67b0a3b5d9724fc425f5300b3ba6d10ef74311bdf71cd26040227c30a182cf1b2a5971226b
  languageName: node
  linkType: hard

"import-fresh@npm:^3.0.0, import-fresh@npm:^3.2.1":
  version: 3.3.0
  resolution: "import-fresh@npm:3.3.0"
  dependencies:
    parent-module: "npm:^1.0.0"
    resolve-from: "npm:^4.0.0"
  checksum: 81ec300d4d16df0ba4f4ed99f4c7e8f312c4c6f48c100afe801deae468479cb8d8209a7c71a943b3e6def4fa0c24ad3eac34e72cb4968424930df39e8d16e9c9
  languageName: node
  linkType: hard

"imurmurhash@npm:^0.1.4":
  version: 0.1.4
  resolution: "imurmurhash@npm:0.1.4"
  checksum: 6e2473e6083063b9f5f21a9586794b3af5b3f87995bcf60cb64f3824a7323c2ae41b4eaf3d7446e20fb66b5f3410094246aa3c52db7585270c8b10f762b8ffa1
  languageName: node
  linkType: hard

"inflight@npm:^1.0.4":
  version: 1.0.6
  resolution: "inflight@npm:1.0.6"
  dependencies:
    once: "npm:^1.3.0"
    wrappy: "npm:1"
  checksum: 40d0e5db34e05d49b9ad9ac678334269745644f73206862a8dee6e50ada1c8b3e70774ce28d5e6e3b03b7b868c9d9ae1edaf6eff253fc50209e4c69decad1811
  languageName: node
  linkType: hard

"inherits@npm:2":
  version: 2.0.4
  resolution: "inherits@npm:2.0.4"
  checksum: ca76c7e45ec715bfe6c1dd67b780b9a15068f37b37ab56cf8b773537b2654238469a42950f5f4d301212755e7512be888f627752e778e1863d95cfedefc8b8bd
  languageName: node
  linkType: hard

"is-extglob@npm:^2.1.1":
  version: 2.1.1
  resolution: "is-extglob@npm:2.1.1"
  checksum: 226b9f6eee1e7da52f72c98ed4ea7fc71ee3a087b6d1c62655c9a81c601caa2fd98b9f9be42fb8163eef2720cdbf046bc7c5548a76755651e540f4b08ff3b120
  languageName: node
  linkType: hard

"is-glob@npm:^4.0.0":
  version: 4.0.1
  resolution: "is-glob@npm:4.0.1"
  dependencies:
    is-extglob: "npm:^2.1.1"
  checksum: 6f682939c74f4b873d2017b03bbdc709020771a1a217999f2276184cbcde07a0149c0bafeca090b018ed19854b5c27c4dc7ef49346729dc42941dac9c973bf78
  languageName: node
  linkType: hard

"is-glob@npm:^4.0.3":
  version: 4.0.3
  resolution: "is-glob@npm:4.0.3"
  dependencies:
    is-extglob: "npm:^2.1.1"
  checksum: 0b2f6c06162a1d6c764b2f1cf0f2617b6e0cb1e8125c0e3b7e838a3e06caac81268ab3c0a4699052df59229c99e8a1dd0217b30476d7643a37fa17a49f1b50af
  languageName: node
  linkType: hard

"isexe@npm:^2.0.0":
  version: 2.0.0
  resolution: "isexe@npm:2.0.0"
  checksum: b37fe0a7983c0c151c7b31ca716405aaea190ac9cd6ef3f79355f4afb043ed4d3182a6addd73b20df7a0b229269737ad0daf64116821a048bfbe6b8fb7eb842c
  languageName: node
  linkType: hard

"js-yaml@npm:^4.1.0":
  version: 4.1.0
  resolution: "js-yaml@npm:4.1.0"
  dependencies:
    argparse: "npm:^2.0.1"
  bin:
    js-yaml: bin/js-yaml.js
  checksum: 03ab64a1008a68bb534a223f855c1dd595c0fc6b2800517f555803ed6e96c1cd365e19088ae46a466329a7b77b1e7951589db76a6ea2d525374a4167f69ac776
  languageName: node
  linkType: hard

"json-schema-traverse@npm:^0.4.1":
  version: 0.4.1
  resolution: "json-schema-traverse@npm:0.4.1"
  checksum: 4c9b10ebd277b894fa66f7130ffcf6b8c0d2c41754ce3784d82149695dbd928c15523aab230b8206c4be5b48127cafc0467760774673ba61045e1abb52e74de2
  languageName: node
  linkType: hard

"json-stable-stringify-without-jsonify@npm:^1.0.1":
  version: 1.0.1
  resolution: "json-stable-stringify-without-jsonify@npm:1.0.1"
  checksum: fcea02bf8b7e6067bec7e4019b1e4e15a2f1c8148ad9ea5f9fbc3098efee939f93f53f475f27a44f4b8996e9990c56b39bef6ff0bdbb4243e485084f619d5399
  languageName: node
  linkType: hard

"levn@npm:^0.4.1":
  version: 0.4.1
  resolution: "levn@npm:0.4.1"
  dependencies:
    prelude-ls: "npm:^1.2.1"
    type-check: "npm:~0.4.0"
  checksum: b281df6770286ddce58d431441772b75ec04f03264af49532c330fdbe070795196538459754cb9e564e7759dbd79c2f88fab01bb3295b2a70249d1a777016cb4
  languageName: node
  linkType: hard

"lodash.merge@npm:^4.6.2":
  version: 4.6.2
  resolution: "lodash.merge@npm:4.6.2"
  checksum: aab58997bcad5ab91908498bbe8ce4b78e8e5025a944f9a8b6a1f11bd2afba4dae55c61dfdcefadadd6cd04efb0c998109e14c633f4aa1f8b4541e4d252c69ea
  languageName: node
  linkType: hard

"minimatch@npm:^3.0.4":
  version: 3.0.4
  resolution: "minimatch@npm:3.0.4"
  dependencies:
    brace-expansion: "npm:^1.1.7"
  checksum: 2579a9237b4947989dd0ebf3fbf6975c06d6fb676e83dde945ed94f18fa09485caa415dc12ae8119132325d533a5872cbf060530a49f236d65e2bcce95a9b23f
  languageName: node
  linkType: hard

"ms@npm:2.1.2":
  version: 2.1.2
  resolution: "ms@npm:2.1.2"
  checksum: 3f46af60a08158f1c77746c06c2f6c7aba7feddafd41335f9baa2d7e0741d7539774aa7d5d1661a7f2b7eed55a7063771297eea016051924dbb04d4c2bf40bcb
  languageName: node
  linkType: hard

"natural-compare@npm:^1.4.0":
  version: 1.4.0
  resolution: "natural-compare@npm:1.4.0"
  checksum: cf6f4ccd700fbeaae533f0821e4de8582e340f9b0324f1e6d2486484e44a64f95acf7c7e5ef274f963934d5b74c3716c8ae58e367e112effae95d8d021158bff
  languageName: node
  linkType: hard

"once@npm:^1.3.0":
  version: 1.4.0
  resolution: "once@npm:1.4.0"
  dependencies:
    wrappy: "npm:1"
  checksum: 12d5c6ece331855387577e71c96ab5b60269390b131cf9403494206274fa520221c88f8b8d431d7227d080127730460da8907c402ab4142e592c34aacb5c9817
  languageName: node
  linkType: hard

"optionator@npm:^0.9.1":
  version: 0.9.1
  resolution: "optionator@npm:0.9.1"
  dependencies:
    deep-is: "npm:^0.1.3"
    fast-levenshtein: "npm:^2.0.6"
    levn: "npm:^0.4.1"
    prelude-ls: "npm:^1.2.1"
    type-check: "npm:^0.4.0"
    word-wrap: "npm:^1.2.3"
  checksum: bb7b06099c688d6d4bfc193f66b7aac15bfa84190f076f3f8c57821bdd0be761cbbf8972f0a904e7181aa2ca89441ca51c20f87b631690ca8d3f5bad90b7e0f1
  languageName: node
  linkType: hard

"parent-module@npm:^1.0.0":
  version: 1.0.1
  resolution: "parent-module@npm:1.0.1"
  dependencies:
    callsites: "npm:^3.0.0"
  checksum: ac26e4d08ec70f2e03c7e7b80c384fc3201576c04102ecf8cfef29051980208bd41a552802f1c46d6f3c1f0f864ce4f3cfc1f3077c19561a08df214d7b3fe3ec
  languageName: node
  linkType: hard

"path-is-absolute@npm:^1.0.0":
  version: 1.0.1
  resolution: "path-is-absolute@npm:1.0.1"
  checksum: 6bb8fef4324c3f744e5d216980aa053095e1fc533d40fa47f9c1adc16be7fa52d3c4858370c7685406c32ab143a4dca0798f2e2c0f57d7937af66d8dd79267f6
  languageName: node
  linkType: hard

"path-key@npm:^3.1.0":
  version: 3.1.1
  resolution: "path-key@npm:3.1.1"
  checksum: 93ee8a32e3be43548ece14eba2620bf5164884d0cc1aa3615d136567a39e02066c9b5aeb5b6747d766af55936151c95d9371ba46d4fcf361db9691505650c001
  languageName: node
  linkType: hard

"prelude-ls@npm:^1.2.1":
  version: 1.2.1
  resolution: "prelude-ls@npm:1.2.1"
  checksum: 0fee0e2ba5dc7793340a5861d9d37ce4f3d8ec246099bfae25e1f2a928a4df1c009a91882c35862bdf245f69081160df4ed0ec2438662ae22e50b621a6b7848f
  languageName: node
  linkType: hard

"punycode@npm:^2.1.0":
  version: 2.1.1
  resolution: "punycode@npm:2.1.1"
  checksum: fd728ef9db90e7b4db37d5c4937d6c6302cf4f64748b2dea3abbf1efd21e6193bb670efb7814766c858b2e1ccdb65ce34e44b498d734922e1dcb2a8623a925d8
  languageName: node
  linkType: hard

"regexpp@npm:^3.2.0":
  version: 3.2.0
  resolution: "regexpp@npm:3.2.0"
  checksum: b171774d3380c053d3bd4af6b4f60f2e28c837dd4daeafb183d656e2f439dc606ee428bb44f14cbaa5a715524d2e8d88d168817445b4156d1ea06337f29eb405
  languageName: node
  linkType: hard

"resolve-from@npm:^4.0.0":
  version: 4.0.0
  resolution: "resolve-from@npm:4.0.0"
  checksum: bc0ec65a95fae7d644cdb0f14e010c2cbde74d0844232542912f8343a20d66fc30a7b400391a0f118a710b9bc10078a0a13d8444a555f44c00023b3220249865
  languageName: node
  linkType: hard

"rimraf@npm:^3.0.2":
  version: 3.0.2
  resolution: "rimraf@npm:3.0.2"
  dependencies:
    glob: "npm:^7.1.3"
  bin:
    rimraf: bin.js
  checksum: b786c9ad52df9fbcd9c7120e105f3150b83b39dd87d9235a93b0c7e806575e1e68936504ff64563dbe67b3f8bbbc00bdfff586157d402ee8990e7143456511c0
  languageName: node
  linkType: hard

"root-workspace-0b6124@workspace:.":
  version: 0.0.0-use.local
  resolution: "root-workspace-0b6124@workspace:."
  dependencies:
    eslint: "npm:^8.13.0"
  languageName: unknown
  linkType: soft

"shebang-command@npm:^2.0.0":
  version: 2.0.0
  resolution: "shebang-command@npm:2.0.0"
  dependencies:
    shebang-regex: "npm:^3.0.0"
  checksum: 5907a8d5facbefbd4dc8d21778d2136d5d22d61b5526452d92d46662614f0ed57090e7adf7184fe9d2d5ef75af9f05d7573437e10b37f2e6fdeeeb5f59fd9ada
  languageName: node
  linkType: hard

"shebang-regex@npm:^3.0.0":
  version: 3.0.0
  resolution: "shebang-regex@npm:3.0.0"
  checksum: 6be1588a86ed74d05481d09a6ef6a8db44550fda9785ae08c3df06717abc2e5e9a11804b1d0ac9b0641870c5ebf545e18c8d348bc105ba09227e6a32415ea1d6
  languageName: node
  linkType: hard

"strip-ansi@npm:^6.0.1":
  version: 6.0.1
  resolution: "strip-ansi@npm:6.0.1"
  dependencies:
    ansi-regex: "npm:^5.0.1"
  checksum: 056ca08f8097351060572eee207ec66247937d7248780a3d643b5eed7d6b5ca6a0990a4f921ffd329e8e9b66427a384237892ac3cb47463adf7d040b154084ec
  languageName: node
  linkType: hard

"strip-json-comments@npm:^3.1.0, strip-json-comments@npm:^3.1.1":
  version: 3.1.1
  resolution: "strip-json-comments@npm:3.1.1"
  checksum: 20cff3f15267a8b603c4dcec9c3cc5217bcf3f1a66481a4f9ecf262eacc1733a0457756288472328d24efef7705f7755e9511f9c383742389add93d4a9207ae5
  languageName: node
  linkType: hard

"supports-color@npm:^7.1.0":
  version: 7.2.0
  resolution: "supports-color@npm:7.2.0"
  dependencies:
    has-flag: "npm:^4.0.0"
  checksum: 9218cc0d12c57f4ae213e6ace98e0cda2d8f47617300f21501a0078e17d9e3b4aa3effdc1006e369dfd5389ff4f99682b9617d4a8fb7566e2964955dd14d4cc3
  languageName: node
  linkType: hard

"text-table@npm:^0.2.0":
  version: 0.2.0
  resolution: "text-table@npm:0.2.0"
  checksum: 65e9ab9cd26946c5378cd4b8782562f47e017bad4fe8d398356380fdc762d08b177ca6a1c5c8deac14fbe974c46cd09c0cbb86560545cfa49800f3fcacb0c952
  languageName: node
  linkType: hard

"type-check@npm:^0.4.0, type-check@npm:~0.4.0":
  version: 0.4.0
  resolution: "type-check@npm:0.4.0"
  dependencies:
    prelude-ls: "npm:^1.2.1"
  checksum: 20afe001f1e32be931a04d1ae0529cf48e5e848cc89bb5a98904481916aa04fb4aa61e795cd94dad4f9b8daf7024bc97b90ac7f24885f0797c3f3c0a096bbece
  languageName: node
  linkType: hard

"type-fest@npm:^0.20.2":
  version: 0.20.2
  resolution: "type-fest@npm:0.20.2"
  checksum: 9f39d342df851a98443ee9858345a8943bb71ffbf35eee36a2716ba601e810b46294a98ee78b39376120c349d6b2631979cb91afc8be6ea41b8d04eddc55f4d5
  languageName: node
  linkType: hard

"uri-js@npm:^4.2.2":
  version: 4.4.0
  resolution: "uri-js@npm:4.4.0"
  dependencies:
    punycode: "npm:^2.1.0"
  checksum: 3f88584acbb416109bba755a6d7c8e353ede510ba1da7d0918cd363cfa8dc21f05ad3ea350b7ff783296f3c2b8da10f0edf77f3eefa896a7e2490df85c0bb029
  languageName: node
  linkType: hard

"v8-compile-cache@npm:^2.0.3":
  version: 2.2.0
  resolution: "v8-compile-cache@npm:2.2.0"
  checksum: 4a4c5e306712cb7a0aba4e576e9fd88b89905dde4ee735b86396dac82c2a7bb7ab1422d062c0fd38709e45a8bbb5cd99edea5492a71f17d7e6aa0b465cd2fab0
  languageName: node
  linkType: hard

"which@npm:^2.0.1":
  version: 2.0.2
  resolution: "which@npm:2.0.2"
  dependencies:
    isexe: "npm:^2.0.0"
  bin:
    node-which: ./bin/node-which
  checksum: 3728616c789b289c36ba2572887145e0736f06fe3435b8fef17e27eb5ec0696f61a21e356dd7fa58486346e57186863afa1b6c27c7665f7e674c8124f7f61157
  languageName: node
  linkType: hard

"word-wrap@npm:^1.2.3":
  version: 1.2.3
  resolution: "word-wrap@npm:1.2.3"
  checksum: 17267cdb6baa9d5452b0998531adafd2df52a25159f27cbb754b2fdcff4af8808019efe4c0a2bcc5ceb63becb30df07c792c0125ad21991266aefadb940df74a
  languageName: node
  linkType: hard

"wrappy@npm:1":
  version: 1.0.2
  resolution: "wrappy@npm:1.0.2"
  checksum: 37d243a577dfeee20586eae1e3208dfb4e4cea1211a2a4116a19b50d91e619ff3dbc5ec934e28ca9baaa11a65df826c8d65c5fd1bb81f0ce0dadb469d47061c2
  languageName: node
  linkType: hard
